#MicroXplorer Configuration settings - do not modify
Mcu.Family=STM32H7
RCC.DIVQ2Freq_Value=129000000
ProjectManager.MainLocation=Core/Src
USB_DEVICE.CLASS_NAME_FS=CDC
RCC.SAI1Freq_Value=75000000
RCC.CortexFreq_Value=64000000
ProjectManager.KeepUserCode=true
Mcu.UserName=STM32H743VITx
PD9.GPIOParameters=GPIO_PuPd
RCC.PLLFRACN=3072
ProjectManager.functionlistsort=1-MX_GPIO_Init-GPIO-false-HAL-true,2-SystemClock_Config-RCC-false-HAL-false,3-MX_FDCAN1_Init-FDCAN1-false-HAL-true,4-MX_FDCAN2_Init-FDCAN2-false-HAL-true,5-MX_RNG_Init-RNG-false-HAL-true,6-MX_USB_DEVICE_Init-USB_DEVICE-false-HAL-false,0-MX_CORTEX_M7_Init-CORTEX_M7-false-HAL-true
PD8.Locked=true
PA11.Mode=Device_Only
RCC.RTCFreq_Value=32000
USB_DEVICE.VirtualMode-CDC_FS=Cdc
PD10.GPIO_PuPd=GPIO_PULLDOWN
RCC.PLL2FRACN=0
RCC.CpuClockFreq_Value=64000000
RCC.VCO2OutputFreq_Value=258000000
PD8.GPIO_PuPd=GPIO_PULLDOWN
PinOutPanel.RotationAngle=0
RCC.MCO1PinFreq_Value=64000000
ProjectManager.StackSize=0x400
RCC.AHB4Freq_Value=64000000
RCC.VCOInput3Freq_Value=2000000
RCC.LPTIM1Freq_Value=64000000
PD13.Signal=GPIO_Input
Mcu.IP4=NVIC
Mcu.IP5=RCC
PD11.GPIO_PuPd=GPIO_PULLDOWN
PD13.Locked=true
Mcu.IP2=FDCAN1
NVIC.SVCall_IRQn=true\:0\:0\:false\:false\:true\:false\:false
Mcu.IP3=FDCAN2
Mcu.IP0=CORTEX_M7
PA14\ (JTCK/SWCLK).Signal=DEBUG_JTCK-SWCLK
Mcu.IP1=DEBUG
PA12.Signal=USB_OTG_FS_DP
PD15.GPIOParameters=GPIO_PuPd
Mcu.UserConstants=
RCC.DIVP3Freq_Value=129000000
RCC.SDMMCFreq_Value=75000000
Mcu.ThirdPartyNb=0
RCC.HCLKFreq_Value=64000000
RCC.I2C4Freq_Value=64000000
Mcu.IPNb=10
ProjectManager.PreviousToolchain=
PB6.Signal=FDCAN2_TX
RCC.SPDIFRXFreq_Value=75000000
PD8.GPIOParameters=GPIO_PuPd
PB6.Mode=FDCANFD
RCC.DIVQ3Freq_Value=129000000
Mcu.Pin6=PD11
Mcu.Pin7=PD12
PD8.Signal=GPIO_Input
Mcu.Pin8=PD13
Mcu.Pin9=PD14
FDCAN1.FrameFormat=FDCAN_FRAME_FD_BRS
Mcu.Pin0=PB0
Mcu.Pin1=PB1
GPIO.groupedBy=Group By Peripherals
Mcu.Pin2=PB2
RCC.HRTIMFreq_Value=64000000
Mcu.Pin3=PD8
PD10.GPIOParameters=GPIO_PuPd
Mcu.Pin4=PD9
Mcu.Pin5=PD10
ProjectManager.ProjectBuild=false
RCC.DIVR3Freq_Value=129000000
NVIC.UsageFault_IRQn=true\:0\:0\:false\:false\:true\:false\:false
NVIC.DebugMonitor_IRQn=true\:0\:0\:false\:false\:true\:false\:false
PB2.Signal=GPIO_Output
NVIC.SysTick_IRQn=true\:0\:0\:false\:false\:true\:false\:true
RCC.DIVM1=4
ProjectManager.FirmwarePackage=STM32Cube FW_H7 V1.8.0
MxDb.Version=DB.6.0.0
RCC.DIVP1Freq_Value=75000000
ProjectManager.BackupPrevious=false
RCC.FMCFreq_Value=64000000
PB5.Mode=FDCANFD
RCC.USART16Freq_Value=64000000
File.Version=6
PB7.Signal=GPIO_Output
PB8.Locked=true
PD14.GPIO_PuPd=GPIO_PULLDOWN
PA14\ (JTCK/SWCLK).Mode=Serial_Wire
PB6.Locked=true
NVIC.PendSV_IRQn=true\:0\:0\:false\:false\:true\:false\:false
RCC.DIVR2Freq_Value=129000000
ProjectManager.HalAssertFull=false
PB0.Locked=true
RCC.DIVP2Freq_Value=129000000
ProjectManager.ProjectName=CANT_Unified_Board_SW
PB7.PinState=GPIO_PIN_SET
RCC.APB3Freq_Value=64000000
RCC.MCO2PinFreq_Value=64000000
PB4\ (NJTRST).Locked=true
PB9.Signal=FDCAN1_TX
Mcu.Package=LQFP100
PB1.Signal=GPIO_Output
RCC.PLL3FRACN=0
PD11.Locked=true
PD12.Signal=GPIO_Input
NVIC.OTG_FS_IRQn=true\:0\:0\:false\:false\:true\:false\:true
ProjectManager.ToolChainLocation=
PD15.GPIO_PuPd=GPIO_PULLDOWN
PD14.Locked=true
VP_SYS_VS_Systick.Signal=SYS_VS_Systick
USB_OTG_FS.VirtualMode=Device_Only
VP_USB_DEVICE_VS_USB_DEVICE_CDC_FS.Signal=USB_DEVICE_VS_USB_DEVICE_CDC_FS
RCC.DFSDMFreq_Value=64000000
RCC.DIVR1Freq_Value=75000000
RCC.TraceFreq_Value=64000000
RCC.APB4Freq_Value=64000000
RCC.CECFreq_Value=32000
RCC.SAI23Freq_Value=75000000
NVIC.BusFault_IRQn=true\:0\:0\:false\:false\:true\:false\:false
RCC.LPUART1Freq_Value=64000000
USB_OTG_FS.IPParameters=VirtualMode
PD9.GPIO_PuPd=GPIO_PULLDOWN
PD15.Signal=GPIO_Input
ProjectManager.CustomerFirmwarePackage=
RCC.Tim2OutputFreq_Value=64000000
RCC.DFSDMACLkFreq_Value=75000000
RCC.VCO3OutputFreq_Value=258000000
ProjectManager.ProjectFileName=CANT_Unified_Board_SW.ioc
PA13\ (JTMS/SWDIO).Mode=Serial_Wire
Mcu.PinsNb=24
ProjectManager.NoMain=false
USB_DEVICE.VirtualModeFS=Cdc_FS
RCC.SWPMI1Freq_Value=64000000
RCC.SAI4BFreq_Value=75000000
PB4\ (NJTRST).PinState=GPIO_PIN_SET
PD13.GPIOParameters=GPIO_PuPd
ProjectManager.DefaultFWLocation=true
PD9.Signal=GPIO_Input
ProjectManager.DeletePrevious=true
VP_RNG_VS_RNG.Mode=RNG_Activate
RCC.QSPIFreq_Value=64000000
FDCAN1.IPParameters=FrameFormat
USB_DEVICE.IPParameters=VirtualMode-CDC_FS,VirtualModeFS,CLASS_NAME_FS
RCC.FamilyName=M
PD12.Locked=true
RCC.SPI6Freq_Value=64000000
RCC.D1CPREFreq_Value=64000000
PD10.Signal=GPIO_Input
RCC.USART234578Freq_Value=64000000
PB4\ (NJTRST).GPIOParameters=PinState
RCC.SPI45Freq_Value=64000000
RCC.Tim1OutputFreq_Value=64000000
RCC.SPI123Freq_Value=75000000
PD12.GPIOParameters=GPIO_PuPd
ProjectManager.TargetToolchain=EWARM V8.32
RCC.VCO1OutputFreq_Value=150000000
PB7.GPIOParameters=PinState
VP_RNG_VS_RNG.Signal=RNG_VS_RNG
VP_USB_DEVICE_VS_USB_DEVICE_CDC_FS.Mode=CDC_FS
PB9.Mode=FDCANFD
RCC.AXIClockFreq_Value=64000000
RCC.DIVN1=9
PB5.Locked=true
PB9.Locked=true
ProjectManager.RegisterCallBack=
RCC.USBFreq_Value=48000000
RCC.CKPERFreq_Value=64000000
PB1.Locked=true
RCC.USBCLockSelection=RCC_USBCLKSOURCE_HSI48
board=custom
ProjectManager.LastFirmware=true
PD11.GPIOParameters=GPIO_PuPd
RCC.VCOInput1Freq_Value=16000000
RCC.AHB12Freq_Value=64000000
RCC.APB2Freq_Value=64000000
MxCube.Version=6.0.1
RCC.FDCANFreq_Value=75000000
RCC.RNGFreq_Value=48000000
RCC.ADCFreq_Value=129000000
VP_SYS_VS_Systick.Mode=SysTick
PD13.GPIO_PuPd=GPIO_PULLDOWN
NVIC.NonMaskableInt_IRQn=true\:0\:0\:false\:false\:true\:false\:false
ProjectManager.FreePins=false
RCC.IPParameters=ADCFreq_Value,AHB12Freq_Value,AHB4Freq_Value,APB1Freq_Value,APB2Freq_Value,APB3Freq_Value,APB4Freq_Value,AXIClockFreq_Value,CECFreq_Value,CKPERFreq_Value,CortexFreq_Value,CpuClockFreq_Value,D1CPREFreq_Value,DFSDMACLkFreq_Value,DFSDMFreq_Value,DIVM1,DIVN1,DIVP1Freq_Value,DIVP2Freq_Value,DIVP3Freq_Value,DIVQ1Freq_Value,DIVQ2Freq_Value,DIVQ3Freq_Value,DIVR1Freq_Value,DIVR2Freq_Value,DIVR3Freq_Value,FDCANFreq_Value,FMCFreq_Value,FamilyName,HCLK3ClockFreq_Value,HCLKFreq_Value,HRTIMFreq_Value,I2C123Freq_Value,I2C4Freq_Value,LPTIM1Freq_Value,LPTIM2Freq_Value,LPTIM345Freq_Value,LPUART1Freq_Value,LTDCFreq_Value,MCO1PinFreq_Value,MCO2PinFreq_Value,PLL2FRACN,PLL3FRACN,PLLFRACN,QSPIFreq_Value,RNGFreq_Value,RTCFreq_Value,SAI1Freq_Value,SAI23Freq_Value,SAI4AFreq_Value,SAI4BFreq_Value,SDMMCFreq_Value,SPDIFRXFreq_Value,SPI123Freq_Value,SPI45Freq_Value,SPI6Freq_Value,SWPMI1Freq_Value,SYSCLKFreq_VALUE,Tim1OutputFreq_Value,Tim2OutputFreq_Value,TraceFreq_Value,USART16Freq_Value,USART234578Freq_Value,USBCLockSelection,USBFreq_Value,VCO1OutputFreq_Value,VCO2OutputFreq_Value,VCO3OutputFreq_Value,VCOInput1Freq_Value,VCOInput2Freq_Value,VCOInput3Freq_Value
ProjectManager.AskForMigrate=true
Mcu.Name=STM32H743VITx
RCC.LPTIM2Freq_Value=64000000
ProjectManager.UnderRoot=false
PB2.Locked=true
Mcu.IP8=USB_DEVICE
Mcu.IP9=USB_OTG_FS
PD14.Signal=GPIO_Input
Mcu.IP6=RNG
Mcu.IP7=SYS
ProjectManager.CoupleFile=false
PD14.GPIOParameters=GPIO_PuPd
RCC.SYSCLKFreq_VALUE=64000000
PB5.Signal=FDCAN2_RX
Mcu.Pin22=VP_SYS_VS_Systick
RCC.I2C123Freq_Value=64000000
Mcu.Pin23=VP_USB_DEVICE_VS_USB_DEVICE_CDC_FS
Mcu.Pin20=PB9
Mcu.Pin21=VP_RNG_VS_RNG
PD10.Locked=true
PA12.Mode=Device_Only
NVIC.ForceEnableDMAVector=true
KeepUserPlacement=false
PD11.Signal=GPIO_Input
NVIC.MemoryManagement_IRQn=true\:0\:0\:false\:false\:true\:false\:false
ProjectManager.CompilerOptimize=6
PD15.Locked=true
PA11.Signal=USB_OTG_FS_DM
ProjectManager.HeapSize=0x200
Mcu.Pin15=PB4 (NJTRST)
NVIC.HardFault_IRQn=true\:0\:0\:false\:false\:true\:false\:false
Mcu.Pin16=PB5
Mcu.Pin13=PA13 (JTMS/SWDIO)
Mcu.Pin14=PA14 (JTCK/SWCLK)
Mcu.Pin19=PB8
RCC.LPTIM345Freq_Value=64000000
ProjectManager.ComputerToolchain=false
Mcu.Pin17=PB6
Mcu.Pin18=PB7
RCC.LTDCFreq_Value=129000000
RCC.SAI4AFreq_Value=75000000
NVIC.PriorityGroup=NVIC_PRIORITYGROUP_4
Mcu.Pin11=PA11
Mcu.Pin12=PA12
PB8.Mode=FDCANFD
Mcu.Pin10=PD15
PB7.Locked=true
RCC.DIVQ1Freq_Value=75000000
PB8.Signal=FDCAN1_RX
RCC.HCLK3ClockFreq_Value=64000000
RCC.VCOInput2Freq_Value=2000000
PD9.Locked=true
RCC.APB1Freq_Value=64000000
PB0.Signal=GPIO_Output
ProjectManager.DeviceId=STM32H743VITx
ProjectManager.LibraryCopy=0
PA13\ (JTMS/SWDIO).Signal=DEBUG_JTMS-SWDIO
PD12.GPIO_PuPd=GPIO_PULLDOWN
PB4\ (NJTRST).Signal=GPIO_Output
